
Microsoft Visual Studio Solution File, Format Version 12.00
# Visual Studio 15
VisualStudioVersion = 15.0.28010.0
MinimumVisualStudioVersion = 10.0.40219.1
Project("{9A19103F-16F7-4668-BE54-9A1E7A4F7556}") = "XmlCrawler.Service", "XmlCrawler\XmlCrawler.Service.csproj", "{1EB33410-FA05-4314-B8AE-EEDC86F3568F}"
EndProject
Project("{FAE04EC0-301F-11D3-BF4B-00C04F79EFBC}") = "XmlCrawler.Parser", "XmlCrawler.Parser\XmlCrawler.Parser.csproj", "{F46BE2CA-C21D-4761-ADEF-C4F35EF3E07B}"
EndProject
Project("{2150E333-8FDC-42A3-9474-1A3956D46DE8}") = "Tests", "Tests", "{275EF738-2172-4F18-BFE0-99B26BD3E0A4}"
EndProject
Project("{FAE04EC0-301F-11D3-BF4B-00C04F79EFBC}") = "XmlCrawler.UnitTests", "XmlCrawler.UnitTests\XmlCrawler.UnitTests.csproj", "{3A521881-2FE5-4142-BC9E-0199536209E6}"
EndProject
Global
	GlobalSection(SolutionConfigurationPlatforms) = preSolution
		Debug|Any CPU = Debug|Any CPU
		Release|Any CPU = Release|Any CPU
	EndGlobalSection
	GlobalSection(ProjectConfigurationPlatforms) = postSolution
		{1EB33410-FA05-4314-B8AE-EEDC86F3568F}.Debug|Any CPU.ActiveCfg = Debug|Any CPU
		{1EB33410-FA05-4314-B8AE-EEDC86F3568F}.Debug|Any CPU.Build.0 = Debug|Any CPU
		{1EB33410-FA05-4314-B8AE-EEDC86F3568F}.Release|Any CPU.ActiveCfg = Release|Any CPU
		{1EB33410-FA05-4314-B8AE-EEDC86F3568F}.Release|Any CPU.Build.0 = Release|Any CPU
		{F46BE2CA-C21D-4761-ADEF-C4F35EF3E07B}.Debug|Any CPU.ActiveCfg = Debug|Any CPU
		{F46BE2CA-C21D-4761-ADEF-C4F35EF3E07B}.Debug|Any CPU.Build.0 = Debug|Any CPU
		{F46BE2CA-C21D-4761-ADEF-C4F35EF3E07B}.Release|Any CPU.ActiveCfg = Release|Any CPU
		{F46BE2CA-C21D-4761-ADEF-C4F35EF3E07B}.Release|Any CPU.Build.0 = Release|Any CPU
		{3A521881-2FE5-4142-BC9E-0199536209E6}.Debug|Any CPU.ActiveCfg = Debug|Any CPU
		{3A521881-2FE5-4142-BC9E-0199536209E6}.Debug|Any CPU.Build.0 = Debug|Any CPU
		{3A521881-2FE5-4142-BC9E-0199536209E6}.Release|Any CPU.ActiveCfg = Release|Any CPU
		{3A521881-2FE5-4142-BC9E-0199536209E6}.Release|Any CPU.Build.0 = Release|Any CPU
	EndGlobalSection
	GlobalSection(SolutionProperties) = preSolution
		HideSolutionNode = FALSE
	EndGlobalSection
	GlobalSection(NestedProjects) = preSolution
		{3A521881-2FE5-4142-BC9E-0199536209E6} = {275EF738-2172-4F18-BFE0-99B26BD3E0A4}
	EndGlobalSection
	GlobalSection(ExtensibilityGlobals) = postSolution
		SolutionGuid = {3A1396A0-AD19-4CAB-A9A3-38867489243B}
	EndGlobalSection
EndGlobal
